
Microsoft Visual Studio Solution File, Format Version 12.00
# Visual Studio Version 16
VisualStudioVersion = 16.0.31005.135
MinimumVisualStudioVersion = 10.0.40219.1
Project("{9A19103F-16F7-4668-BE54-9A1E7A4F7556}") = "PLT", "PLT\PLT.csproj", "{8845EF0E-54DA-445A-9F01-0D9F8894E83B}"
EndProject
Global
	GlobalSection(SolutionConfigurationPlatforms) = preSolution
		Debug|Any CPU = Debug|Any CPU
		Release|Any CPU = Release|Any CPU
	EndGlobalSection
	GlobalSection(ProjectConfigurationPlatforms) = postSolution
		{8845EF0E-54DA-445A-9F01-0D9F8894E83B}.Debug|Any CPU.ActiveCfg = Debug|Any CPU
		{8845EF0E-54DA-445A-9F01-0D9F8894E83B}.Debug|Any CPU.Build.0 = Debug|Any CPU
		{8845EF0E-54DA-445A-9F01-0D9F8894E83B}.Release|Any CPU.ActiveCfg = Release|Any CPU
		{8845EF0E-54DA-445A-9F01-0D9F8894E83B}.Release|Any CPU.Build.0 = Release|Any CPU
	EndGlobalSection
	GlobalSection(SolutionProperties) = preSolution
		HideSolutionNode = FALSE
	EndGlobalSection
	GlobalSection(ExtensibilityGlobals) = postSolution
		SolutionGuid = {AA4350F4-72ED-427A-8C84-846907C73C68}
	EndGlobalSection
EndGlobal
